Microsoft Visual Studio Solution File, Format Version 12.00
# Visual Studio 14
Project("{8BC9CEB8-8B4A-11D0-8D11-00A0C91BC942}") = "ALL_BUILD", "ALL_BUILD.vcxproj", "{A491CA38-5992-38AA-8EF7-DD1F8F447A77}"
	ProjectSection(ProjectDependencies) = postProject
		{E451C289-431A-38F0-B000-66E0D5EDA2C5} = {E451C289-431A-38F0-B000-66E0D5EDA2C5}
		{811F00A0-FFC6-3B27-B741-9CB379F7AE77} = {811F00A0-FFC6-3B27-B741-9CB379F7AE77}
	EndProjectSection
EndProject
Project("{8BC9CEB8-8B4A-11D0-8D11-00A0C91BC942}") = "ZERO_CHECK", "ZERO_CHECK.vcxproj", "{E451C289-431A-38F0-B000-66E0D5EDA2C5}"
	ProjectSection(ProjectDependencies) = postProject
	EndProjectSection
EndProject
Project("{8BC9CEB8-8B4A-11D0-8D11-00A0C91BC942}") = "jello", "jello.vcxproj", "{811F00A0-FFC6-3B27-B741-9CB379F7AE77}"
	ProjectSection(ProjectDependencies) = postProject
		{E451C289-431A-38F0-B000-66E0D5EDA2C5} = {E451C289-431A-38F0-B000-66E0D5EDA2C5}
	EndProjectSection
EndProject
Global
	GlobalSection(SolutionConfigurationPlatforms) = preSolution
		Debug|Win32 = Debug|Win32
		Release|Win32 = Release|Win32
		MinSizeRel|Win32 = MinSizeRel|Win32
		RelWithDebInfo|Win32 = RelWithDebInfo|Win32
	EndGlobalSection
	GlobalSection(ProjectConfigurationPlatforms) = postSolution
		{A491CA38-5992-38AA-8EF7-DD1F8F447A77}.Debug|Win32.ActiveCfg = Debug|Win32
		{A491CA38-5992-38AA-8EF7-DD1F8F447A77}.Release|Win32.ActiveCfg = Release|Win32
		{A491CA38-5992-38AA-8EF7-DD1F8F447A77}.MinSizeRel|Win32.ActiveCfg = MinSizeRel|Win32
		{A491CA38-5992-38AA-8EF7-DD1F8F447A77}.RelWithDebInfo|Win32.ActiveCfg = RelWithDebInfo|Win32
		{E451C289-431A-38F0-B000-66E0D5EDA2C5}.Debug|Win32.ActiveCfg = Debug|Win32
		{E451C289-431A-38F0-B000-66E0D5EDA2C5}.Debug|Win32.Build.0 = Debug|Win32
		{E451C289-431A-38F0-B000-66E0D5EDA2C5}.Release|Win32.ActiveCfg = Release|Win32
		{E451C289-431A-38F0-B000-66E0D5EDA2C5}.Release|Win32.Build.0 = Release|Win32
		{E451C289-431A-38F0-B000-66E0D5EDA2C5}.MinSizeRel|Win32.ActiveCfg = MinSizeRel|Win32
		{E451C289-431A-38F0-B000-66E0D5EDA2C5}.MinSizeRel|Win32.Build.0 = MinSizeRel|Win32
		{E451C289-431A-38F0-B000-66E0D5EDA2C5}.RelWithDebInfo|Win32.ActiveCfg = RelWithDebInfo|Win32
		{E451C289-431A-38F0-B000-66E0D5EDA2C5}.RelWithDebInfo|Win32.Build.0 = RelWithDebInfo|Win32
		{811F00A0-FFC6-3B27-B741-9CB379F7AE77}.Debug|Win32.ActiveCfg = Debug|Win32
		{811F00A0-FFC6-3B27-B741-9CB379F7AE77}.Debug|Win32.Build.0 = Debug|Win32
		{811F00A0-FFC6-3B27-B741-9CB379F7AE77}.Release|Win32.ActiveCfg = Release|Win32
		{811F00A0-FFC6-3B27-B741-9CB379F7AE77}.Release|Win32.Build.0 = Release|Win32
		{811F00A0-FFC6-3B27-B741-9CB379F7AE77}.MinSizeRel|Win32.ActiveCfg = MinSizeRel|Win32
		{811F00A0-FFC6-3B27-B741-9CB379F7AE77}.MinSizeRel|Win32.Build.0 = MinSizeRel|Win32
		{811F00A0-FFC6-3B27-B741-9CB379F7AE77}.RelWithDebInfo|Win32.ActiveCfg = RelWithDebInfo|Win32
		{811F00A0-FFC6-3B27-B741-9CB379F7AE77}.RelWithDebInfo|Win32.Build.0 = RelWithDebInfo|Win32
	EndGlobalSection
	GlobalSection(ExtensibilityGlobals) = postSolution
	EndGlobalSection
	GlobalSection(ExtensibilityAddIns) = postSolution
	EndGlobalSection
EndGlobal
